
Microsoft Visual Studio Solution File, Format Version 12.00
# Visual Studio Version 16
VisualStudioVersion = 16.0.30907.101
MinimumVisualStudioVersion = 10.0.40219.1
Project("{9A19103F-16F7-4668-BE54-9A1E7A4F7556}") = "HotKeyNavigation", "HotKeyNavigation\HotKeyNavigation.csproj", "{1E92EEEB-5BF6-4763-9FAE-37E9845EB737}"
EndProject
Global
	GlobalSection(SolutionConfigurationPlatforms) = preSolution
		Debug|Any CPU = Debug|Any CPU
		Release|Any CPU = Release|Any CPU
	EndGlobalSection
	GlobalSection(ProjectConfigurationPlatforms) = postSolution
		{1E92EEEB-5BF6-4763-9FAE-37E9845EB737}.Debug|Any CPU.ActiveCfg = Debug|Any CPU
		{1E92EEEB-5BF6-4763-9FAE-37E9845EB737}.Debug|Any CPU.Build.0 = Debug|Any CPU
		{1E92EEEB-5BF6-4763-9FAE-37E9845EB737}.Release|Any CPU.ActiveCfg = Release|Any CPU
		{1E92EEEB-5BF6-4763-9FAE-37E9845EB737}.Release|Any CPU.Build.0 = Release|Any CPU
	EndGlobalSection
	GlobalSection(SolutionProperties) = preSolution
		HideSolutionNode = FALSE
	EndGlobalSection
	GlobalSection(ExtensibilityGlobals) = postSolution
		SolutionGuid = {F0B07C72-FF49-4B57-9A38-7B47F515EA66}
	EndGlobalSection
EndGlobal
